
Microsoft Visual Studio Solution File, Format Version 12.00
# Visual Studio Version 16
VisualStudioVersion = 16.0.31702.278
MinimumVisualStudioVersion = 10.0.40219.1
Project("{FAE04EC0-301F-11D3-BF4B-00C04F79EFBC}") = "ASPFinal", "ASPFinal\ASPFinal.csproj", "{4A8E15DE-D35B-4CB4-81CA-CD06CAC7FA33}"
EndProject
Global
	GlobalSection(SolutionConfigurationPlatforms) = preSolution
		Debug|Any CPU = Debug|Any CPU
		Release|Any CPU = Release|Any CPU
	EndGlobalSection
	GlobalSection(ProjectConfigurationPlatforms) = postSolution
		{4A8E15DE-D35B-4CB4-81CA-CD06CAC7FA33}.Debug|Any CPU.ActiveCfg = Debug|Any CPU
		{4A8E15DE-D35B-4CB4-81CA-CD06CAC7FA33}.Debug|Any CPU.Build.0 = Debug|Any CPU
		{4A8E15DE-D35B-4CB4-81CA-CD06CAC7FA33}.Release|Any CPU.ActiveCfg = Release|Any CPU
		{4A8E15DE-D35B-4CB4-81CA-CD06CAC7FA33}.Release|Any CPU.Build.0 = Release|Any CPU
	EndGlobalSection
	GlobalSection(SolutionProperties) = preSolution
		HideSolutionNode = FALSE
	EndGlobalSection
	GlobalSection(ExtensibilityGlobals) = postSolution
		SolutionGuid = {66711062-B694-444E-A1BA-E571A15B1CA3}
	EndGlobalSection
EndGlobal
